
Microsoft Visual Studio Solution File, Format Version 12.00
# Visual Studio 15
VisualStudioVersion = 15.0.28307.168
MinimumVisualStudioVersion = 10.0.40219.1
Project("{FAE04EC0-301F-11D3-BF4B-00C04F79EFBC}") = "ConsoleApp5", "ConsoleApp5\ConsoleApp5.csproj", "{2C8F7C36-2BD4-415B-824A-A46E7F3B7EA0}"
EndProject
Global
	GlobalSection(SolutionConfigurationPlatforms) = preSolution
		Debug|Any CPU = Debug|Any CPU
		Release|Any CPU = Release|Any CPU
	EndGlobalSection
	GlobalSection(ProjectConfigurationPlatforms) = postSolution
		{2C8F7C36-2BD4-415B-824A-A46E7F3B7EA0}.Debug|Any CPU.ActiveCfg = Debug|Any CPU
		{2C8F7C36-2BD4-415B-824A-A46E7F3B7EA0}.Debug|Any CPU.Build.0 = Debug|Any CPU
		{2C8F7C36-2BD4-415B-824A-A46E7F3B7EA0}.Release|Any CPU.ActiveCfg = Release|Any CPU
		{2C8F7C36-2BD4-415B-824A-A46E7F3B7EA0}.Release|Any CPU.Build.0 = Release|Any CPU
	EndGlobalSection
	GlobalSection(SolutionProperties) = preSolution
		HideSolutionNode = FALSE
	EndGlobalSection
	GlobalSection(ExtensibilityGlobals) = postSolution
		SolutionGuid = {333DFC63-F5B5-471B-BAC7-A8C23FDBC714}
	EndGlobalSection
EndGlobal
